{
  "name": "test_alipay",
  "version": "1.0.0",
  "lockfileVersion": 1,
  "requires": true,
  "dependencies": {
    "alipay_for_node": {
      "version": "1.0.0",
      "resolved": "https://registry.npmjs.org/alipay_for_node/-/alipay_for_node-1.0.0.tgz",
      "integrity": "sha512-oKeRxb/GpU8x+XgRAUoyZULsXuji0aYVhzmyCe5esbDggrgtEdUEpQWkhbfbyOj4suvwkjzn7LZweMV0jtOy+g=="
    }
  }
}
